{
  "name": "xianshulaoshi-web",
  "version": "0.0.1",
  "lockfileVersion": 3,
  "requires": true,
  "packages": {
    "": {
      "name": "xianshulaoshi-web",
      "version": "0.0.1",
      "dependencies": {
        "vue": "^3.4.0"
      },
      "devDependencies": {
        "@vitejs/plugin-vue": "^5.0.0",
        "vite": "^5.2.0"
      }
    },
    "node_modules/@babel/helper-string-parser": {
      "version": "7.29.7",
      "resolved": "http://registry.m.jd.com/@babel/helper-string-parser/download/@babel/helper-string-parser-7.29.7.tgz",
      "integrity": "sha1-fwhx2Zgk0jE31g+G/PYTD9WhtR8=",
      "license": "MIT",
      "engines": {
        "node": ">=6.9.0"
      }
    },
    "node_modules/@babel/helper-validator-identifier": {
      "version": "7.29.7",
      "resolved": "http://registry.m.jd.com/@babel/helper-validator-identifier/download/@babel/helper-validator-identifier-7.29.7.tgz",
      "integrity": "sha1-vYcITO0MeW7Ea9pJLeboPSnon8I=",
      "license": "MIT",
      "engines": {
        "node": ">=6.9.0"
      }
    },
    "node_modules/@babel/parser": {
      "version": "7.29.7",
      "resolved": "http://registry.m.jd.com/@babel/parser/download/@babel/parser-7.29.7.tgz",
      "integrity": "sha1-g3uHOHy/XsVTDLY0s8Yi9o7bkzQ=",
      "license": "MIT",
      "dependencies": {
        "@babel/types": "^7.29.7"
      },
      "bin": {
        "parser": "bin/babel-parser.js"
      },
      "engines": {
        "node": ">=6.0.0"
      }
    },
    "node_modules/@babel/types": {
      "version": "7.29.7",
      "resolved": "http://registry.m.jd.com/@babel/types/download/@babel/types-7.29.7.tgz",
      "integrity": "sha1-gAXjHYJxLuetrvbiPGO3GmJ3CpI=",
      "license": "MIT",
      "dependencies": {
        "@babel/helper-string-parser": "^7.29.7",
        "@babel/helper-validator-identifier": "^7.29.7"
      },
      "engines": {
        "node": ">=6.9.0"
      }
    },
    "node_modules/@esbuild/aix-ppc64": {
      "version": "0.21.5",
      "resolved": "http://registry.m.jd.com/@esbuild/aix-ppc64/download/@esbuild/aix-ppc64-0.21.5.tgz",
      "integrity": "sha1-xxhKMmUz/N8bjuBzPiHHE7l1V18=",
      "cpu": [
        "ppc64"
      ],
      "dev": true,
      "license": "MIT",
      "optional": true,
      "os": [
        "aix"
      ],
      "engines": {
        "node": ">=12"
      }
    },
    "node_modules/@esbuild/android-arm": {
      "version": "0.21.5",
      "resolved": "http://registry.m.jd.com/@esbuild/android-arm/download/@esbuild/android-arm-0.21.5.tgz",
      "integrity": "sha1-mwQ4T7dxkm36bXrQQyTssqubLig=",
      "cpu": [
        "arm"
      ],
      "dev": true,
      "license": "MIT",
      "optional": true,
      "os": [
        "android"
      ],
      "engines": {
        "node": ">=12"
      }
    },
    "node_modules/@esbuild/android-arm64": {
      "version": "0.21.5",
      "resolved": "http://registry.m.jd.com/@esbuild/android-arm64/download/@esbuild/android-arm64-0.21.5.tgz",
      "integrity": "sha1-Cdm0NXeA2p6jp9+4M6Hx/0ObQFI=",
      "cpu": [
        "arm64"
      ],
      "dev": true,
      "license": "MIT",
      "optional": true,
      "os": [
        "android"
      ],
      "engines": {
        "node": ">=12"
      }
    },
    "node_modules/@esbuild/android-x64": {
      "version": "0.21.5",
      "resolved": "http://registry.m.jd.com/@esbuild/android-x64/download/@esbuild/android-x64-0.21.5.tgz",
      "integrity": "sha1-KZGOwtt1TO3LbBsE3ozWVHr2Rh4=",
      "cpu": [
        "x64"
      ],
      "dev": true,
      "license": "MIT",
      "optional": true,
      "os": [
        "android"
      ],
      "engines": {
        "node": ">=12"
      }
    },
    "node_modules/@esbuild/darwin-arm64": {
      "version": "0.21.5",
      "resolved": "http://registry.m.jd.com/@esbuild/darwin-arm64/download/@esbuild/darwin-arm64-0.21.5.tgz",
      "integrity": "sha1-5JW1OWYOUWkPOSivUKdvsKbM/yo=",
      "cpu": [
        "arm64"
      ],
      "dev": true,
      "license": "MIT",
      "optional": true,
      "os": [
        "darwin"
      ],
      "engines": {
        "node": ">=12"
      }
    },
    "node_modules/@esbuild/darwin-x64": {
      "version": "0.21.5",
      "resolved": "http://registry.m.jd.com/@esbuild/darwin-x64/download/@esbuild/darwin-x64-0.21.5.tgz",
      "integrity": "sha1-wTg4+lc3KDmr3dyR1xVCzuouHiI=",
      "cpu": [
        "x64"
      ],
      "dev": true,
      "license": "MIT",
      "optional": true,
      "os": [
        "darwin"
      ],
      "engines": {
        "node": ">=12"
      }
    },
    "node_modules/@esbuild/freebsd-arm64": {
      "version": "0.21.5",
      "resolved": "http://registry.m.jd.com/@esbuild/freebsd-arm64/download/@esbuild/freebsd-arm64-0.21.5.tgz",
      "integrity": "sha1-ZGuYmqIL+J/Qcd1dv61po1QuVQ4=",
      "cpu": [
        "arm64"
      ],
      "dev": true,
      "license": "MIT",
      "optional": true,
      "os": [
        "freebsd"
      ],
      "engines": {
        "node": ">=12"
      }
    },
    "node_modules/@esbuild/freebsd-x64": {
      "version": "0.21.5",
      "resolved": "http://registry.m.jd.com/@esbuild/freebsd-x64/download/@esbuild/freebsd-x64-0.21.5.tgz",
      "integrity": "sha1-qmFc/ICvlU00WJBuOMoiwYz1wmE=",
      "cpu": [
        "x64"
      ],
      "dev": true,
      "license": "MIT",
      "optional": true,
      "os": [
        "freebsd"
      ],
      "engines": {
        "node": ">=12"
      }
    },
    "node_modules/@esbuild/linux-arm": {
      "version": "0.21.5",
      "resolved": "http://registry.m.jd.com/@esbuild/linux-arm/download/@esbuild/linux-arm-0.21.5.tgz",
      "integrity": "sha1-/G/RGorKVsH284lPK+oEefj2Jrk=",
      "cpu": [
        "arm"
      ],
      "dev": true,
      "license": "MIT",
      "optional": true,
      "os": [
        "linux"
      ],
      "engines": {
        "node": ">=12"
      }
    },
    "node_modules/@esbuild/linux-arm64": {
      "version": "0.21.5",
      "resolved": "http://registry.m.jd.com/@esbuild/linux-arm64/download/@esbuild/linux-arm64-0.21.5.tgz",
      "integrity": "sha1-cKxvoU9ct+H3+Ie8/7aArQmSK1s=",
      "cpu": [
        "arm64"
      ],
      "dev": true,
      "license": "MIT",
      "optional": true,
      "os": [
        "linux"
      ],
      "engines": {
        "node": ">=12"
      }
    },
    "node_modules/@esbuild/linux-ia32": {
      "version": "0.21.5",
      "resolved": "http://registry.m.jd.com/@esbuild/linux-ia32/download/@esbuild/linux-ia32-0.21.5.tgz",
      "integrity": "sha1-MnH1Oz+T49CT1RjRZJ1taNNG7eI=",
      "cpu": [
        "ia32"
      ],
      "dev": true,
      "license": "MIT",
      "optional": true,
      "os": [
        "linux"
      ],
      "engines": {
        "node": ">=12"
      }
    },
    "node_modules/@esbuild/linux-loong64": {
      "version": "0.21.5",
      "resolved": "http://registry.m.jd.com/@esbuild/linux-loong64/download/@esbuild/linux-loong64-0.21.5.tgz",
      "integrity": "sha1-7WLgQjjFcCauqDHFoTC3PA+fJt8=",
      "cpu": [
        "loong64"
      ],
      "dev": true,
      "license": "MIT",
      "optional": true,
      "os": [
        "linux"
      ],
      "engines": {
        "node": ">=12"
      }
    },
    "node_modules/@esbuild/linux-mips64el": {
      "version": "0.21.5",
      "resolved": "http://registry.m.jd.com/@esbuild/linux-mips64el/download/@esbuild/linux-mips64el-0.21.5.tgz",
      "integrity": "sha1-55uOtIvzsQb63sGsgkD7l7TmTL4=",
      "cpu": [
        "mips64el"
      ],
      "dev": true,
      "license": "MIT",
      "optional": true,
      "os": [
        "linux"
      ],
      "engines": {
        "node": ">=12"
      }
    },
    "node_modules/@esbuild/linux-ppc64": {
      "version": "0.21.5",
      "resolved": "http://registry.m.jd.com/@esbuild/linux-ppc64/download/@esbuild/linux-ppc64-0.21.5.tgz",
      "integrity": "sha1-XyIDhgoUO5kZ04PvdXNSH7FUw+Q=",
      "cpu": [
        "ppc64"
      ],
      "dev": true,
      "license": "MIT",
      "optional": true,
      "os": [
        "linux"
      ],
      "engines": {
        "node": ">=12"
      }
    },
    "node_modules/@esbuild/linux-riscv64": {
      "version": "0.21.5",
      "resolved": "http://registry.m.jd.com/@esbuild/linux-riscv64/download/@esbuild/linux-riscv64-0.21.5.tgz",
      "integrity": "sha1-B7yv2ZMi1a9i9hjLnmqbf0u4Jdw=",
      "cpu": [
        "riscv64"
      ],
      "dev": true,
      "license": "MIT",
      "optional": true,
      "os": [
        "linux"
      ],
      "engines": {
        "node": ">=12"
      }
    },
    "node_modules/@esbuild/linux-s390x": {
      "version": "0.21.5",
      "resolved": "http://registry.m.jd.com/@esbuild/linux-s390x/download/@esbuild/linux-s390x-0.21.5.tgz",
      "integrity": "sha1-t8z2hnUdaj5EuGJ6uryL4+9i2N4=",
      "cpu": [
        "s390x"
      ],
      "dev": true,
      "license": "MIT",
      "optional": true,
      "os": [
        "linux"
      ],
      "engines": {
        "node": ">=12"
      }
    },
    "node_modules/@esbuild/linux-x64": {
      "version": "0.21.5",
      "resolved": "http://registry.m.jd.com/@esbuild/linux-x64/download/@esbuild/linux-x64-0.21.5.tgz",
      "integrity": "sha1-bY8Mdo4HDmQwmvgAS7lOaKsrs7A=",
      "cpu": [
        "x64"
      ],
      "dev": true,
      "license": "MIT",
      "optional": true,
      "os": [
        "linux"
      ],
      "engines": {
        "node": ">=12"
      }
    },
    "node_modules/@esbuild/netbsd-x64": {
      "version": "0.21.5",
      "resolved": "http://registry.m.jd.com/@esbuild/netbsd-x64/download/@esbuild/netbsd-x64-0.21.5.tgz",
      "integrity": "sha1-u+Qw9g03jsuI3sshnGAmZzh6YEc=",
      "cpu": [
        "x64"
      ],
      "dev": true,
      "license": "MIT",
      "optional": true,
      "os": [
        "netbsd"
      ],
      "engines": {
        "node": ">=12"
      }
    },
    "node_modules/@esbuild/openbsd-x64": {
      "version": "0.21.5",
      "resolved": "http://registry.m.jd.com/@esbuild/openbsd-x64/download/@esbuild/openbsd-x64-0.21.5.tgz",
      "integrity": "sha1-mdHPKTcnlWDSEEgh9czOIgyyr3A=",
      "cpu": [
        "x64"
      ],
      "dev": true,
      "license": "MIT",
      "optional": true,
      "os": [
        "openbsd"
      ],
      "engines": {
        "node": ">=12"
      }
    },
    "node_modules/@esbuild/sunos-x64": {
      "version": "0.21.5",
      "resolved": "http://registry.m.jd.com/@esbuild/sunos-x64/download/@esbuild/sunos-x64-0.21.5.tgz",
      "integrity": "sha1-CHQVEsENUpVmurqDe0/gUsjzSHs=",
      "cpu": [
        "x64"
      ],
      "dev": true,
      "license": "MIT",
      "optional": true,
      "os": [
        "sunos"
      ],
      "engines": {
        "node": ">=12"
      }
    },
    "node_modules/@esbuild/win32-arm64": {
      "version": "0.21.5",
      "resolved": "http://registry.m.jd.com/@esbuild/win32-arm64/download/@esbuild/win32-arm64-0.21.5.tgz",
      "integrity": "sha1-Z1tzhTmEESQHNQFhRKsumaYPx10=",
      "cpu": [
        "arm64"
      ],
      "dev": true,
      "license": "MIT",
      "optional": true,
      "os": [
        "win32"
      ],
      "engines": {
        "node": ">=12"
      }
    },
    "node_modules/@esbuild/win32-ia32": {
      "version": "0.21.5",
      "resolved": "http://registry.m.jd.com/@esbuild/win32-ia32/download/@esbuild/win32-ia32-0.21.5.tgz",
      "integrity": "sha1-G/w86YqmypoJaeTSr3IUTFnBGTs=",
      "cpu": [
        "ia32"
      ],
      "dev": true,
      "license": "MIT",
      "optional": true,
      "os": [
        "win32"
      ],
      "engines": {
        "node": ">=12"
      }
    },
    "node_modules/@esbuild/win32-x64": {
      "version": "0.21.5",
      "resolved": "http://registry.m.jd.com/@esbuild/win32-x64/download/@esbuild/win32-x64-0.21.5.tgz",
      "integrity": "sha1-rK01HVgtFXuxRVNdsqb/U91RS1w=",
      "cpu": [
        "x64"
      ],
      "dev": true,
      "license": "MIT",
      "optional": true,
      "os": [
        "win32"
      ],
      "engines": {
        "node": ">=12"
      }
    },
    "node_modules/@jridgewell/sourcemap-codec": {
      "version": "1.5.5",
      "resolved": "http://registry.m.jd.com/@jridgewell/sourcemap-codec/download/@jridgewell/sourcemap-codec-1.5.5.tgz",
      "integrity": "sha1-aRKwDSxjHA0Vzhp6tXzWV/Ko+Lo=",
      "license": "MIT"
    },
    "node_modules/@rollup/rollup-android-arm-eabi": {
      "version": "4.60.4",
      "resolved": "http://registry.m.jd.com/@rollup/rollup-android-arm-eabi/download/@rollup/rollup-android-arm-eabi-4.60.4.tgz",
      "integrity": "sha1-OgTwHp8BOSu+9ZILlKo7iHlL56s=",
      "cpu": [
        "arm"
      ],
      "dev": true,
      "license": "MIT",
      "optional": true,
      "os": [
        "android"
      ]
    },
    "node_modules/@rollup/rollup-android-arm64": {
      "version": "4.60.4",
      "resolved": "http://registry.m.jd.com/@rollup/rollup-android-arm64/download/@rollup/rollup-android-arm64-4.60.4.tgz",
      "integrity": "sha1-43G2U86ryQB5Cuc/VUig/XzWOnA=",
      "cpu": [
        "arm64"
      ],
      "dev": true,
      "license": "MIT",
      "optional": true,
      "os": [
        "android"
      ]
    },
    "node_modules/@rollup/rollup-darwin-arm64": {
      "version": "4.60.4",
      "resolved": "http://registry.m.jd.com/@rollup/rollup-darwin-arm64/download/@rollup/rollup-darwin-arm64-4.60.4.tgz",
      "integrity": "sha1-KlqnBDLjmBbWZteSh6cyTPw7TnI=",
      "cpu": [
        "arm64"
      ],
      "dev": true,
      "license": "MIT",
      "optional": true,
      "os": [
        "darwin"
      ]
    },
    "node_modules/@rollup/rollup-darwin-x64": {
      "version": "4.60.4",
      "resolved": "http://registry.m.jd.com/@rollup/rollup-darwin-x64/download/@rollup/rollup-darwin-x64-4.60.4.tgz",
      "integrity": "sha1-w7W0lik3nNnNxdhBvwDtROvzk90=",
      "cpu": [
        "x64"
      ],
      "dev": true,
      "license": "MIT",
      "optional": true,
      "os": [
        "darwin"
      ]
    },
    "node_modules/@rollup/rollup-freebsd-arm64": {
      "version": "4.60.4",
      "resolved": "http://registry.m.jd.com/@rollup/rollup-freebsd-arm64/download/@rollup/rollup-freebsd-arm64-4.60.4.tgz",
      "integrity": "sha1-+SnY4EYvrmYC/JYL7qvXKH2FkoM=",
      "cpu": [
        "arm64"
      ],
      "dev": true,
      "license": "MIT",
      "optional": true,
      "os": [
        "freebsd"
      ]
    },
    "node_modules/@rollup/rollup-freebsd-x64": {
      "version": "4.60.4",
      "resolved": "http://registry.m.jd.com/@rollup/rollup-freebsd-x64/download/@rollup/rollup-freebsd-x64-4.60.4.tgz",
      "integrity": "sha1-wBy1gDEib5XQkAseyEf0+zLG6Ak=",
      "cpu": [
        "x64"
      ],
      "dev": true,
      "license": "MIT",
      "optional": true,
      "os": [
        "freebsd"
      ]
    },
    "node_modules/@rollup/rollup-linux-arm-gnueabihf": {
      "version": "4.60.4",
      "resolved": "http://registry.m.jd.com/@rollup/rollup-linux-arm-gnueabihf/download/@rollup/rollup-linux-arm-gnueabihf-4.60.4.tgz",
      "integrity": "sha1-8p2JDEhYyODTvgFnfu9PajWe7Z0=",
      "cpu": [
        "arm"
      ],
      "dev": true,
      "license": "MIT",
      "optional": true,
      "os": [
        "linux"
      ]
    },
    "node_modules/@rollup/rollup-linux-arm-musleabihf": {
      "version": "4.60.4",
      "resolved": "http://registry.m.jd.com/@rollup/rollup-linux-arm-musleabihf/download/@rollup/rollup-linux-arm-musleabihf-4.60.4.tgz",
      "integrity": "sha1-Hr/I659mE27S+q5fRJla3VyjyWQ=",
      "cpu": [
        "arm"
      ],
      "dev": true,
      "license": "MIT",
      "optional": true,
      "os": [
        "linux"
      ]
    },
    "node_modules/@rollup/rollup-linux-arm64-gnu": {
      "version": "4.60.4",
      "resolved": "http://registry.m.jd.com/@rollup/rollup-linux-arm64-gnu/download/@rollup/rollup-linux-arm64-gnu-4.60.4.tgz",
      "integrity": "sha1-wfqCPCxM5Gun9h3hpMP9rdT7Tns=",
      "cpu": [
        "arm64"
      ],
      "dev": true,
      "license": "MIT",
      "optional": true,
      "os": [
        "linux"
      ]
    },
    "node_modules/@rollup/rollup-linux-arm64-musl": {
      "version": "4.60.4",
      "resolved": "http://registry.m.jd.com/@rollup/rollup-linux-arm64-musl/download/@rollup/rollup-linux-arm64-musl-4.60.4.tgz",
      "integrity": "sha1-p/GIVNBHG3i9qOo48IkaTgWbVx0=",
      "cpu": [
        "arm64"
      ],
      "dev": true,
      "license": "MIT",
      "optional": true,
      "os": [
        "linux"
      ]
    },
    "node_modules/@rollup/rollup-linux-loong64-gnu": {
      "version": "4.60.4",
      "resolved": "http://registry.m.jd.com/@rollup/rollup-linux-loong64-gnu/download/@rollup/rollup-linux-loong64-gnu-4.60.4.tgz",
      "integrity": "sha1-g2WKmkV2vM6M74Wyx4ubZJ0iAMQ=",
      "cpu": [
        "loong64"
      ],
      "dev": true,
      "license": "MIT",
      "optional": true,
      "os": [
        "linux"
      ]
    },
    "node_modules/@rollup/rollup-linux-loong64-musl": {
      "version": "4.60.4",
      "resolved": "http://registry.m.jd.com/@rollup/rollup-linux-loong64-musl/download/@rollup/rollup-linux-loong64-musl-4.60.4.tgz",
      "integrity": "sha1-/Sr2d640F7tY1XrjfdDYRobkAkQ=",
      "cpu": [
        "loong64"
      ],
      "dev": true,
      "license": "MIT",
      "optional": true,
      "os": [
        "linux"
      ]
    },
    "node_modules/@rollup/rollup-linux-ppc64-gnu": {
      "version": "4.60.4",
      "resolved": "http://registry.m.jd.com/@rollup/rollup-linux-ppc64-gnu/download/@rollup/rollup-linux-ppc64-gnu-4.60.4.tgz",
      "integrity": "sha1-ZIFkcYHEz48d29mfYshM/FbBqUo=",
      "cpu": [
        "ppc64"
      ],
      "dev": true,
      "license": "MIT",
      "optional": true,
      "os": [
        "linux"
      ]
    },
    "node_modules/@rollup/rollup-linux-ppc64-musl": {
      "version": "4.60.4",
      "resolved": "http://registry.m.jd.com/@rollup/rollup-linux-ppc64-musl/download/@rollup/rollup-linux-ppc64-musl-4.60.4.tgz",
      "integrity": "sha1-GGEKGhVQ4opQQsqRb4mEGVQPF/Q=",
      "cpu": [
        "ppc64"
      ],
      "dev": true,
      "license": "MIT",
      "optional": true,
      "os": [
        "linux"
      ]
    },
    "node_modules/@rollup/rollup-linux-riscv64-gnu": {
      "version": "4.60.4",
      "resolved": "http://registry.m.jd.com/@rollup/rollup-linux-riscv64-gnu/download/@rollup/rollup-linux-riscv64-gnu-4.60.4.tgz",
      "integrity": "sha1-WXu4BGWiYh2+DeCkHGY5Sop+mm4=",
      "cpu": [
        "riscv64"
      ],
      "dev": true,
      "license": "MIT",
      "optional": true,
      "os": [
        "linux"
      ]
    },
    "node_modules/@rollup/rollup-linux-riscv64-musl": {
      "version": "4.60.4",
      "resolved": "http://registry.m.jd.com/@rollup/rollup-linux-riscv64-musl/download/@rollup/rollup-linux-riscv64-musl-4.60.4.tgz",
      "integrity": "sha1-oqkZqfkn738kpgr3fjy1XxrVnk0=",
      "cpu": [
        "riscv64"
      ],
      "dev": true,
      "license": "MIT",
      "optional": true,
      "os": [
        "linux"
      ]
    },
    "node_modules/@rollup/rollup-linux-s390x-gnu": {
      "version": "4.60.4",
      "resolved": "http://registry.m.jd.com/@rollup/rollup-linux-s390x-gnu/download/@rollup/rollup-linux-s390x-gnu-4.60.4.tgz",
      "integrity": "sha1-MWb2zq59+bv93582vhk3Ix4T48Y=",
      "cpu": [
        "s390x"
      ],
      "dev": true,
      "license": "MIT",
      "optional": true,
      "os": [
        "linux"
      ]
    },
    "node_modules/@rollup/rollup-linux-x64-gnu": {
      "version": "4.60.4",
      "resolved": "http://registry.m.jd.com/@rollup/rollup-linux-x64-gnu/download/@rollup/rollup-linux-x64-gnu-4.60.4.tgz",
      "integrity": "sha1-I8m/eXcdgE+4dBXrB2dWnycyYeU=",
      "cpu": [
        "x64"
      ],
      "dev": true,
      "license": "MIT",
      "optional": true,
      "os": [
        "linux"
      ]
    },
    "node_modules/@rollup/rollup-linux-x64-musl": {
      "version": "4.60.4",
      "resolved": "http://registry.m.jd.com/@rollup/rollup-linux-x64-musl/download/@rollup/rollup-linux-x64-musl-4.60.4.tgz",
      "integrity": "sha1-l5Qca5TWf+Jc3g8CfBChny0f3Tk=",
      "cpu": [
        "x64"
      ],
      "dev": true,
      "license": "MIT",
      "optional": true,
      "os": [
        "linux"
      ]
    },
    "node_modules/@rollup/rollup-openbsd-x64": {
      "version": "4.60.4",
      "resolved": "http://registry.m.jd.com/@rollup/rollup-openbsd-x64/download/@rollup/rollup-openbsd-x64-4.60.4.tgz",
      "integrity": "sha1-eut9kuLNHTmfVtr3XDkEC3d7bHc=",
      "cpu": [
        "x64"
      ],
      "dev": true,
      "license": "MIT",
      "optional": true,
      "os": [
        "openbsd"
      ]
    },
    "node_modules/@rollup/rollup-openharmony-arm64": {
      "version": "4.60.4",
      "resolved": "http://registry.m.jd.com/@rollup/rollup-openharmony-arm64/download/@rollup/rollup-openharmony-arm64-4.60.4.tgz",
      "integrity": "sha1-kl3mGug7+ZqmNuis6odDLowP+qs=",
      "cpu": [
        "arm64"
      ],
      "dev": true,
      "license": "MIT",
      "optional": true,
      "os": [
        "openharmony"
      ]
    },
    "node_modules/@rollup/rollup-win32-arm64-msvc": {
      "version": "4.60.4",
      "resolved": "http://registry.m.jd.com/@rollup/rollup-win32-arm64-msvc/download/@rollup/rollup-win32-arm64-msvc-4.60.4.tgz",
      "integrity": "sha1-iIq4OEJyFJEETEanQH4fOPMjW7Q=",
      "cpu": [
        "arm64"
      ],
      "dev": true,
      "license": "MIT",
      "optional": true,
      "os": [
        "win32"
      ]
    },
    "node_modules/@rollup/rollup-win32-ia32-msvc": {
      "version": "4.60.4",
      "resolved": "http://registry.m.jd.com/@rollup/rollup-win32-ia32-msvc/download/@rollup/rollup-win32-ia32-msvc-4.60.4.tgz",
      "integrity": "sha1-+jCsJOPwIyE50qR1AFYKKGlXZNQ=",
      "cpu": [
        "ia32"
      ],
      "dev": true,
      "license": "MIT",
      "optional": true,
      "os": [
        "win32"
      ]
    },
    "node_modules/@rollup/rollup-win32-x64-gnu": {
      "version": "4.60.4",
      "resolved": "http://registry.m.jd.com/@rollup/rollup-win32-x64-gnu/download/@rollup/rollup-win32-x64-gnu-4.60.4.tgz",
      "integrity": "sha1-Ij4ryT+G4HB1aOH621tTflDJdsc=",
      "cpu": [
        "x64"
      ],
      "dev": true,
      "license": "MIT",
      "optional": true,
      "os": [
        "win32"
      ]
    },
    "node_modules/@rollup/rollup-win32-x64-msvc": {
      "version": "4.60.4",
      "resolved": "http://registry.m.jd.com/@rollup/rollup-win32-x64-msvc/download/@rollup/rollup-win32-x64-msvc-4.60.4.tgz",
      "integrity": "sha1-2k8Wdth+K990QpG1BLCreVUMPmE=",
      "cpu": [
        "x64"
      ],
      "dev": true,
      "license": "MIT",
      "optional": true,
      "os": [
        "win32"
      ]
    },
    "node_modules/@types/estree": {
      "version": "1.0.8",
      "resolved": "http://registry.m.jd.com/@types/estree/download/@types/estree-1.0.8.tgz",
      "integrity": "sha1-lYuRyZGxhnztMYvt6g4hXuBQcm4=",
      "dev": true,
      "license": "MIT"
    },
    "node_modules/@vitejs/plugin-vue": {
      "version": "5.2.4",
      "resolved": "http://registry.m.jd.com/@vitejs/plugin-vue/download/@vitejs/plugin-vue-5.2.4.tgz",
      "integrity": "sha1-nopRLrF0v8KjM7qVm7+d5CjYmtg=",
      "dev": true,
      "license": "MIT",
      "engines": {
        "node": "^18.0.0 || >=20.0.0"
      },
      "peerDependencies": {
        "vite": "^5.0.0 || ^6.0.0",
        "vue": "^3.2.25"
      }
    },
    "node_modules/@vue/compiler-core": {
      "version": "3.5.34",
      "resolved": "http://registry.m.jd.com/@vue/compiler-core/download/@vue/compiler-core-3.5.34.tgz",
      "integrity": "sha1-bYSka3/fEWLPgiWqK+QpGKdquCc=",
      "license": "MIT",
      "dependencies": {
        "@babel/parser": "^7.29.3",
        "@vue/shared": "3.5.34",
        "entities": "^7.0.1",
        "estree-walker": "^2.0.2",
        "source-map-js": "^1.2.1"
      }
    },
    "node_modules/@vue/compiler-dom": {
      "version": "3.5.34",
      "resolved": "http://registry.m.jd.com/@vue/compiler-dom/download/@vue/compiler-dom-3.5.34.tgz",
      "integrity": "sha1-a5Q+gQaCKGjnTWbGFUMru6alib4=",
      "license": "MIT",
      "dependencies": {
        "@vue/compiler-core": "3.5.34",
        "@vue/shared": "3.5.34"
      }
    },
    "node_modules/@vue/compiler-sfc": {
      "version": "3.5.34",
      "resolved": "http://registry.m.jd.com/@vue/compiler-sfc/download/@vue/compiler-sfc-3.5.34.tgz",
      "integrity": "sha1-k7auszk817PHH/B/KIeVWPcuXx0=",
      "license": "MIT",
      "dependencies": {
        "@babel/parser": "^7.29.3",
        "@vue/compiler-core": "3.5.34",
        "@vue/compiler-dom": "3.5.34",
        "@vue/compiler-ssr": "3.5.34",
        "@vue/shared": "3.5.34",
        "estree-walker": "^2.0.2",
        "magic-string": "^0.30.21",
        "postcss": "^8.5.14",
        "source-map-js": "^1.2.1"
      }
    },
    "node_modules/@vue/compiler-ssr": {
      "version": "3.5.34",
      "resolved": "http://registry.m.jd.com/@vue/compiler-ssr/download/@vue/compiler-ssr-3.5.34.tgz",
      "integrity": "sha1-BWGuP5uBVkkpqFRHae7pzJKnbEI=",
      "license": "MIT",
      "dependencies": {
        "@vue/compiler-dom": "3.5.34",
        "@vue/shared": "3.5.34"
      }
    },
    "node_modules/@vue/reactivity": {
      "version": "3.5.34",
      "resolved": "http://registry.m.jd.com/@vue/reactivity/download/@vue/reactivity-3.5.34.tgz",
      "integrity": "sha1-1BNV9+ixeEB46kmOx9l05OJtS3Q=",
      "license": "MIT",
      "dependencies": {
        "@vue/shared": "3.5.34"
      }
    },
    "node_modules/@vue/runtime-core": {
      "version": "3.5.34",
      "resolved": "http://registry.m.jd.com/@vue/runtime-core/download/@vue/runtime-core-3.5.34.tgz",
      "integrity": "sha1-G0zi6/lNZwrL2PItkuRZCOKiyWo=",
      "license": "MIT",
      "dependencies": {
        "@vue/reactivity": "3.5.34",
        "@vue/shared": "3.5.34"
      }
    },
    "node_modules/@vue/runtime-dom": {
      "version": "3.5.34",
      "resolved": "http://registry.m.jd.com/@vue/runtime-dom/download/@vue/runtime-dom-3.5.34.tgz",
      "integrity": "sha1-G05cAJ/p1s5oLPwjctpKvUBhTSk=",
      "license": "MIT",
      "dependencies": {
        "@vue/reactivity": "3.5.34",
        "@vue/runtime-core": "3.5.34",
        "@vue/shared": "3.5.34",
        "csstype": "^3.2.3"
      }
    },
    "node_modules/@vue/server-renderer": {
      "version": "3.5.34",
      "resolved": "http://registry.m.jd.com/@vue/server-renderer/download/@vue/server-renderer-3.5.34.tgz",
      "integrity": "sha1-4Hdvg5MStBEftb10KnD0NSmKPiE=",
      "license": "MIT",
      "dependencies": {
        "@vue/compiler-ssr": "3.5.34",
        "@vue/shared": "3.5.34"
      },
      "peerDependencies": {
        "vue": "3.5.34"
      }
    },
    "node_modules/@vue/shared": {
      "version": "3.5.34",
      "resolved": "http://registry.m.jd.com/@vue/shared/download/@vue/shared-3.5.34.tgz",
      "integrity": "sha1-Zl8rL9YA9sGAZoQjkJpv3mTL/M0=",
      "license": "MIT"
    },
    "node_modules/csstype": {
      "version": "3.2.3",
      "resolved": "http://registry.m.jd.com/csstype/download/csstype-3.2.3.tgz",
      "integrity": "sha1-7EjA8+mT5QZIyG2lWeJhCZXPmJo=",
      "license": "MIT"
    },
    "node_modules/entities": {
      "version": "7.0.1",
      "resolved": "http://registry.m.jd.com/entities/download/entities-7.0.1.tgz",
      "integrity": "sha1-JuioiInbY0F9y5oeeaPxvJK1l2s=",
      "license": "BSD-2-Clause",
      "engines": {
        "node": ">=0.12"
      },
      "funding": {
        "url": "https://github.com/fb55/entities?sponsor=1"
      }
    },
    "node_modules/esbuild": {
      "version": "0.21.5",
      "resolved": "http://registry.m.jd.com/esbuild/download/esbuild-0.21.5.tgz",
      "integrity": "sha1-nKMBsSCSKVm3ZjYNisgw2g0CmX0=",
      "dev": true,
      "hasInstallScript": true,
      "license": "MIT",
      "bin": {
        "esbuild": "bin/esbuild"
      },
      "engines": {
        "node": ">=12"
      },
      "optionalDependencies": {
        "@esbuild/aix-ppc64": "0.21.5",
        "@esbuild/android-arm": "0.21.5",
        "@esbuild/android-arm64": "0.21.5",
        "@esbuild/android-x64": "0.21.5",
        "@esbuild/darwin-arm64": "0.21.5",
        "@esbuild/darwin-x64": "0.21.5",
        "@esbuild/freebsd-arm64": "0.21.5",
        "@esbuild/freebsd-x64": "0.21.5",
        "@esbuild/linux-arm": "0.21.5",
        "@esbuild/linux-arm64": "0.21.5",
        "@esbuild/linux-ia32": "0.21.5",
        "@esbuild/linux-loong64": "0.21.5",
        "@esbuild/linux-mips64el": "0.21.5",
        "@esbuild/linux-ppc64": "0.21.5",
        "@esbuild/linux-riscv64": "0.21.5",
        "@esbuild/linux-s390x": "0.21.5",
        "@esbuild/linux-x64": "0.21.5",
        "@esbuild/netbsd-x64": "0.21.5",
        "@esbuild/openbsd-x64": "0.21.5",
        "@esbuild/sunos-x64": "0.21.5",
        "@esbuild/win32-arm64": "0.21.5",
        "@esbuild/win32-ia32": "0.21.5",
        "@esbuild/win32-x64": "0.21.5"
      }
    },
    "node_modules/estree-walker": {
      "version": "2.0.2",
      "resolved": "http://registry.m.jd.com/estree-walker/download/estree-walker-2.0.2.tgz",
      "integrity": "sha1-UvAQF4wqTBF6d1fP6UKtt9LaTKw=",
      "license": "MIT"
    },
    "node_modules/fsevents": {
      "version": "2.3.3",
      "resolved": "http://registry.m.jd.com/fsevents/download/fsevents-2.3.3.tgz",
      "integrity": "sha1-ysZAd4XQNnWipeGlMFxpezR9kNY=",
      "dev": true,
      "hasInstallScript": true,
      "license": "MIT",
      "optional": true,
      "os": [
        "darwin"
      ],
      "engines": {
        "node": "^8.16.0 || ^10.6.0 || >=11.0.0"
      }
    },
    "node_modules/magic-string": {
      "version": "0.30.21",
      "resolved": "http://registry.m.jd.com/magic-string/download/magic-string-0.30.21.tgz",
      "integrity": "sha1-VnY+wJoPqAkd8nh5/ZTRkHjADZE=",
      "license": "MIT",
      "dependencies": {
        "@jridgewell/sourcemap-codec": "^1.5.5"
      }
    },
    "node_modules/nanoid": {
      "version": "3.3.12",
      "resolved": "http://registry.m.jd.com/nanoid/download/nanoid-3.3.12.tgz",
      "integrity": "sha1-qz2RLiF6bQpRTwCnKhZUOiiYLAU=",
      "funding": [
        {
          "type": "github",
          "url": "https://github.com/sponsors/ai"
        }
      ],
      "license": "MIT",
      "bin": {
        "nanoid": "bin/nanoid.cjs"
      },
      "engines": {
        "node": "^10 || ^12 || ^13.7 || ^14 || >=15.0.1"
      }
    },
    "node_modules/picocolors": {
      "version": "1.1.1",
      "resolved": "http://registry.m.jd.com/picocolors/download/picocolors-1.1.1.tgz",
      "integrity": "sha1-PTIa8+q5ObCDyPkpodEs2oHCa2s=",
      "license": "ISC"
    },
    "node_modules/postcss": {
      "version": "8.5.15",
      "resolved": "http://registry.m.jd.com/postcss/download/postcss-8.5.15.tgz",
      "integrity": "sha1-0er2d6Mk6ewCGW2i0/7PSguac1w=",
      "funding": [
        {
          "type": "opencollective",
          "url": "https://opencollective.com/postcss/"
        },
        {
          "type": "tidelift",
          "url": "https://tidelift.com/funding/github/npm/postcss"
        },
        {
          "type": "github",
          "url": "https://github.com/sponsors/ai"
        }
      ],
      "license": "MIT",
      "dependencies": {
        "nanoid": "^3.3.12",
        "picocolors": "^1.1.1",
        "source-map-js": "^1.2.1"
      },
      "engines": {
        "node": "^10 || ^12 || >=14"
      }
    },
    "node_modules/rollup": {
      "version": "4.60.4",
      "resolved": "http://registry.m.jd.com/rollup/download/rollup-4.60.4.tgz",
      "integrity": "sha1-yjgU9ZANo6w5gdLgxhlEt+bgywk=",
      "dev": true,
      "license": "MIT",
      "dependencies": {
        "@types/estree": "1.0.8"
      },
      "bin": {
        "rollup": "dist/bin/rollup"
      },
      "engines": {
        "node": ">=18.0.0",
        "npm": ">=8.0.0"
      },
      "optionalDependencies": {
        "@rollup/rollup-android-arm-eabi": "4.60.4",
        "@rollup/rollup-android-arm64": "4.60.4",
        "@rollup/rollup-darwin-arm64": "4.60.4",
        "@rollup/rollup-darwin-x64": "4.60.4",
        "@rollup/rollup-freebsd-arm64": "4.60.4",
        "@rollup/rollup-freebsd-x64": "4.60.4",
        "@rollup/rollup-linux-arm-gnueabihf": "4.60.4",
        "@rollup/rollup-linux-arm-musleabihf": "4.60.4",
        "@rollup/rollup-linux-arm64-gnu": "4.60.4",
        "@rollup/rollup-linux-arm64-musl": "4.60.4",
        "@rollup/rollup-linux-loong64-gnu": "4.60.4",
        "@rollup/rollup-linux-loong64-musl": "4.60.4",
        "@rollup/rollup-linux-ppc64-gnu": "4.60.4",
        "@rollup/rollup-linux-ppc64-musl": "4.60.4",
        "@rollup/rollup-linux-riscv64-gnu": "4.60.4",
        "@rollup/rollup-linux-riscv64-musl": "4.60.4",
        "@rollup/rollup-linux-s390x-gnu": "4.60.4",
        "@rollup/rollup-linux-x64-gnu": "4.60.4",
        "@rollup/rollup-linux-x64-musl": "4.60.4",
        "@rollup/rollup-openbsd-x64": "4.60.4",
        "@rollup/rollup-openharmony-arm64": "4.60.4",
        "@rollup/rollup-win32-arm64-msvc": "4.60.4",
        "@rollup/rollup-win32-ia32-msvc": "4.60.4",
        "@rollup/rollup-win32-x64-gnu": "4.60.4",
        "@rollup/rollup-win32-x64-msvc": "4.60.4",
        "fsevents": "~2.3.2"
      }
    },
    "node_modules/source-map-js": {
      "version": "1.2.1",
      "resolved": "http://registry.m.jd.com/source-map-js/download/source-map-js-1.2.1.tgz",
      "integrity": "sha1-HOVlD93YerwJnto33P8CTCZnrkY=",
      "license": "BSD-3-Clause",
      "engines": {
        "node": ">=0.10.0"
      }
    },
    "node_modules/vite": {
      "version": "5.4.21",
      "resolved": "http://registry.m.jd.com/vite/download/vite-5.4.21.tgz",
      "integrity": "sha1-hKT3xdhgsHFnbTm6UTwNWY/ccCc=",
      "dev": true,
      "license": "MIT",
      "dependencies": {
        "esbuild": "^0.21.3",
        "postcss": "^8.4.43",
        "rollup": "^4.20.0"
      },
      "bin": {
        "vite": "bin/vite.js"
      },
      "engines": {
        "node": "^18.0.0 || >=20.0.0"
      },
      "funding": {
        "url": "https://github.com/vitejs/vite?sponsor=1"
      },
      "optionalDependencies": {
        "fsevents": "~2.3.3"
      },
      "peerDependencies": {
        "@types/node": "^18.0.0 || >=20.0.0",
        "less": "*",
        "lightningcss": "^1.21.0",
        "sass": "*",
        "sass-embedded": "*",
        "stylus": "*",
        "sugarss": "*",
        "terser": "^5.4.0"
      },
      "peerDependenciesMeta": {
        "@types/node": {
          "optional": true
        },
        "less": {
          "optional": true
        },
        "lightningcss": {
          "optional": true
        },
        "sass": {
          "optional": true
        },
        "sass-embedded": {
          "optional": true
        },
        "stylus": {
          "optional": true
        },
        "sugarss": {
          "optional": true
        },
        "terser": {
          "optional": true
        }
      }
    },
    "node_modules/vue": {
      "version": "3.5.34",
      "resolved": "http://registry.m.jd.com/vue/download/vue-3.5.34.tgz",
      "integrity": "sha1-OyVuswlkQWr2QGp5X8/XpXc6k8U=",
      "license": "MIT",
      "dependencies": {
        "@vue/compiler-dom": "3.5.34",
        "@vue/compiler-sfc": "3.5.34",
        "@vue/runtime-dom": "3.5.34",
        "@vue/server-renderer": "3.5.34",
        "@vue/shared": "3.5.34"
      },
      "peerDependencies": {
        "typescript": "*"
      },
      "peerDependenciesMeta": {
        "typescript": {
          "optional": true
        }
      }
    }
  }
}
